// !$*UTF8*$!
{
	archiveVersion = 1;
	classes = {
	};
	objectVersion = 51;
	objects = {

/* Begin PBXBuildFile section */
		071ABC9C27310011006F11B5 /* Keychain.swift in Sources */ = {isa = PBXBuildFile; fileRef = 071ABC9B27310011006F11B5 /* Keychain.swift */; };
		071ABCA427322B71006F11B5 /* TodofukenList.swift in Sources */ = {isa = PBXBuildFile; fileRef = 071ABCA327322B71006F11B5 /* TodofukenList.swift */; };
		071ABCA727325C86006F11B5 /* Calculator.swift in Sources */ = {isa = PBXBuildFile; fileRef = 071ABCA627325C86006F11B5 /* Calculator.swift */; };
		071ABCAF2733797F006F11B5 /* FlashCardTests.swift in Sources */ = {isa = PBXBuildFile; fileRef = 071ABCAE2733797F006F11B5 /* FlashCardTests.swift */; };
		071F709226F4D102006E9B5E /* FirebaseManager.swift in Sources */ = {isa = PBXBuildFile; fileRef = 071F709126F4D102006E9B5E /* FirebaseManager.swift */; };
		07B1C27226DE080F00C21DA5 /* SoundFile.swift in Sources */ = {isa = PBXBuildFile; fileRef = 07B1C27126DE080F00C21DA5 /* SoundFile.swift */; };
		07B1C27426DE08B900C21DA5 /* CorrectSound.mp3 in Resources */ = {isa = PBXBuildFile; fileRef = 07B1C27326DE08B900C21DA5 /* CorrectSound.mp3 */; };
		07B1C27626DE08C500C21DA5 /* WrongSound.mp3 in Resources */ = {isa = PBXBuildFile; fileRef = 07B1C27526DE08C500C21DA5 /* WrongSound.mp3 */; };
		07B1C28626E729F200C21DA5 /* HomeViewController.swift in Sources */ = {isa = PBXBuildFile; fileRef = 07B1C28526E729F200C21DA5 /* HomeViewController.swift */; };
		07B1C28826E8850100C21DA5 /* Chiho.swift in Sources */ = {isa = PBXBuildFile; fileRef = 07B1C28726E8850100C21DA5 /* Chiho.swift */; };
		07B1C28E26EC683500C21DA5 /* GoogleService-Info.plist in Resources */ = {isa = PBXBuildFile; fileRef = 07B1C28D26EC683500C21DA5 /* GoogleService-Info.plist */; };
		07B1C29426ECDFA000C21DA5 /* LoginViewController.swift in Sources */ = {isa = PBXBuildFile; fileRef = 07B1C29326ECDFA000C21DA5 /* LoginViewController.swift */; };
		07B1C29826EDAB0F00C21DA5 /* ScoreViewController.swift in Sources */ = {isa = PBXBuildFile; fileRef = 07B1C29726EDAB0F00C21DA5 /* ScoreViewController.swift */; };
		07B1C29F26EDB65300C21DA5 /* ScoreCell.swift in Sources */ = {isa = PBXBuildFile; fileRef = 07B1C29D26EDB65300C21DA5 /* ScoreCell.swift */; };
		07B1C2A026EDB65300C21DA5 /* ScoreCell.xib in Resources */ = {isa = PBXBuildFile; fileRef = 07B1C29E26EDB65300C21DA5 /* ScoreCell.xib */; };
		07B1C2A226F0511200C21DA5 /* Ranking.swift in Sources */ = {isa = PBXBuildFile; fileRef = 07B1C2A126F0511200C21DA5 /* Ranking.swift */; };
		07B1C2A426F1AC7100C21DA5 /* MoreScoreViewController.swift in Sources */ = {isa = PBXBuildFile; fileRef = 07B1C2A326F1AC7100C21DA5 /* MoreScoreViewController.swift */; };
		07B1C2A626F2312400C21DA5 /* TabBarViewController.swift in Sources */ = {isa = PBXBuildFile; fileRef = 07B1C2A526F2312400C21DA5 /* TabBarViewController.swift */; };
		07B264DE28408F8E008243D1 /* CustomCell.swift in Sources */ = {isa = PBXBuildFile; fileRef = 07B264DC28408F8E008243D1 /* CustomCell.swift */; };
		07B264DF28408F8E008243D1 /* CustomCell.xib in Resources */ = {isa = PBXBuildFile; fileRef = 07B264DD28408F8E008243D1 /* CustomCell.xib */; };
		07C4A11328126B2500583654 /* Alert.swift in Sources */ = {isa = PBXBuildFile; fileRef = 07C4A11228126B2500583654 /* Alert.swift */; };
		07EC194226D4E68800B44A55 /* AppDelegate.swift in Sources */ = {isa = PBXBuildFile; fileRef = 07EC194126D4E68800B44A55 /* AppDelegate.swift */; };
		07EC194426D4E68800B44A55 /* SceneDelegate.swift in Sources */ = {isa = PBXBuildFile; fileRef = 07EC194326D4E68800B44A55 /* SceneDelegate.swift */; };
		07EC194626D4E68800B44A55 /* ViewController.swift in Sources */ = {isa = PBXBuildFile; fileRef = 07EC194526D4E68800B44A55 /* ViewController.swift */; };
		07EC194926D4E68800B44A55 /* Main.storyboard in Resources */ = {isa = PBXBuildFile; fileRef = 07EC194726D4E68800B44A55 /* Main.storyboard */; };
		07EC194B26D4E68A00B44A55 /* Assets.xcassets in Resources */ = {isa = PBXBuildFile; fileRef = 07EC194A26D4E68A00B44A55 /* Assets.xcassets */; };
		07EC194E26D4E68A00B44A55 /* LaunchScreen.storyboard in Resources */ = {isa = PBXBuildFile; fileRef = 07EC194C26D4E68A00B44A55 /* LaunchScreen.storyboard */; };
		45A80AEB549922CC036A2C92 /* Pods_FlashCardTests.framework in Frameworks */ = {isa = PBXBuildFile; fileRef = 4656956618F935351908FFBD /* Pods_FlashCardTests.framework */; };
		EC9182A9189FDB8A567C963D /* Pods_FlashCard.framework in Frameworks */ = {isa = PBXBuildFile; fileRef = 28D0AEAEB0670C0189467E98 /* Pods_FlashCard.framework */; };
/* End PBXBuildFile section */

/* Begin PBXContainerItemProxy section */
		071ABCB12733797F006F11B5 /* PBXContainerItemProxy */ = {
			isa = PBXContainerItemProxy;
			containerPortal = 07EC193626D4E68800B44A55 /* Project object */;
			proxyType = 1;
			remoteGlobalIDString = 07EC193D26D4E68800B44A55;
			remoteInfo = FlashCard;
		};
/* End PBXContainerItemProxy section */

/* Begin PBXFileReference section */
		071ABC9B27310011006F11B5 /* Keychain.swift */ = {isa = PBXFileReference; lastKnownFileType = sourcecode.swift; path = Keychain.swift; sourceTree = "<group>"; };
		071ABCA327322B71006F11B5 /* TodofukenList.swift */ = {isa = PBXFileReference; lastKnownFileType = sourcecode.swift; path = TodofukenList.swift; sourceTree = "<group>"; };
		071ABCA627325C86006F11B5 /* Calculator.swift */ = {isa = PBXFileReference; lastKnownFileType = sourcecode.swift; path = Calculator.swift; sourceTree = "<group>"; };
		071ABCAC2733797E006F11B5 /* FlashCardTests.xctest */ = {isa = PBXFileReference; explicitFileType = wrapper.cfbundle; includeInIndex = 0; path = FlashCardTests.xctest; sourceTree = BUILT_PRODUCTS_DIR; };
		071ABCAE2733797F006F11B5 /* FlashCardTests.swift */ = {isa = PBXFileReference; lastKnownFileType = sourcecode.swift; path = FlashCardTests.swift; sourceTree = "<group>"; };
		071ABCB02733797F006F11B5 /* Info.plist */ = {isa = PBXFileReference; lastKnownFileType = text.plist.xml; path = Info.plist; sourceTree = "<group>"; };
		071F709126F4D102006E9B5E /* FirebaseManager.swift */ = {isa = PBXFileReference; lastKnownFileType = sourcecode.swift; path = FirebaseManager.swift; sourceTree = "<group>"; };
		07B1C27126DE080F00C21DA5 /* SoundFile.swift */ = {isa = PBXFileReference; lastKnownFileType = sourcecode.swift; path = SoundFile.swift; sourceTree = "<group>"; };
		07B1C27326DE08B900C21DA5 /* CorrectSound.mp3 */ = {isa = PBXFileReference; lastKnownFileType = audio.mp3; path = CorrectSound.mp3; sourceTree = "<group>"; };
		07B1C27526DE08C500C21DA5 /* WrongSound.mp3 */ = {isa = PBXFileReference; lastKnownFileType = audio.mp3; path = WrongSound.mp3; sourceTree = "<group>"; };
		07B1C28526E729F200C21DA5 /* HomeViewController.swift */ = {isa = PBXFileReference; lastKnownFileType = sourcecode.swift; path = HomeViewController.swift; sourceTree = "<group>"; };
		07B1C28726E8850100C21DA5 /* Chiho.swift */ = {isa = PBXFileReference; lastKnownFileType = sourcecode.swift; path = Chiho.swift; sourceTree = "<group>"; };
		07B1C28D26EC683500C21DA5 /* GoogleService-Info.plist */ = {isa = PBXFileReference; fileEncoding = 4; lastKnownFileType = text.plist.xml; path = "GoogleService-Info.plist"; sourceTree = "<group>"; };
		07B1C29326ECDFA000C21DA5 /* LoginViewController.swift */ = {isa = PBXFileReference; lastKnownFileType = sourcecode.swift; path = LoginViewController.swift; sourceTree = "<group>"; };
		07B1C29726EDAB0F00C21DA5 /* ScoreViewController.swift */ = {isa = PBXFileReference; lastKnownFileType = sourcecode.swift; path = ScoreViewController.swift; sourceTree = "<group>"; };
		07B1C29D26EDB65300C21DA5 /* ScoreCell.swift */ = {isa = PBXFileReference; lastKnownFileType = sourcecode.swift; path = ScoreCell.swift; sourceTree = "<group>"; };
		07B1C29E26EDB65300C21DA5 /* ScoreCell.xib */ = {isa = PBXFileReference; lastKnownFileType = file.xib; path = ScoreCell.xib; sourceTree = "<group>"; };
		07B1C2A126F0511200C21DA5 /* Ranking.swift */ = {isa = PBXFileReference; lastKnownFileType = sourcecode.swift; path = Ranking.swift; sourceTree = "<group>"; };
		07B1C2A326F1AC7100C21DA5 /* MoreScoreViewController.swift */ = {isa = PBXFileReference; lastKnownFileType = sourcecode.swift; path = MoreScoreViewController.swift; sourceTree = "<group>"; };
		07B1C2A526F2312400C21DA5 /* TabBarViewController.swift */ = {isa = PBXFileReference; lastKnownFileType = sourcecode.swift; path = TabBarViewController.swift; sourceTree = "<group>"; };
		07B264DC28408F8E008243D1 /* CustomCell.swift */ = {isa = PBXFileReference; lastKnownFileType = sourcecode.swift; path = CustomCell.swift; sourceTree = "<group>"; };
		07B264DD28408F8E008243D1 /* CustomCell.xib */ = {isa = PBXFileReference; lastKnownFileType = file.xib; path = CustomCell.xib; sourceTree = "<group>"; };
		07C4A11228126B2500583654 /* Alert.swift */ = {isa = PBXFileReference; lastKnownFileType = sourcecode.swift; path = Alert.swift; sourceTree = "<group>"; };
		07EC193E26D4E68800B44A55 /* FlashCard.app */ = {isa = PBXFileReference; explicitFileType = wrapper.application; includeInIndex = 0; path = FlashCard.app; sourceTree = BUILT_PRODUCTS_DIR; };
		07EC194126D4E68800B44A55 /* AppDelegate.swift */ = {isa = PBXFileReference; lastKnownFileType = sourcecode.swift; path = AppDelegate.swift; sourceTree = "<group>"; };
		07EC194326D4E68800B44A55 /* SceneDelegate.swift */ = {isa = PBXFileReference; lastKnownFileType = sourcecode.swift; path = SceneDelegate.swift; sourceTree = "<group>"; };
		07EC194526D4E68800B44A55 /* ViewController.swift */ = {isa = PBXFileReference; lastKnownFileType = sourcecode.swift; path = ViewController.swift; sourceTree = "<group>"; };
		07EC194826D4E68800B44A55 /* Base */ = {isa = PBXFileReference; lastKnownFileType = file.storyboard; name = Base; path = Base.lproj/Main.storyboard; sourceTree = "<group>"; };
		07EC194A26D4E68A00B44A55 /* Assets.xcassets */ = {isa = PBXFileReference; lastKnownFileType = folder.assetcatalog; path = Assets.xcassets; sourceTree = "<group>"; };
		07EC194D26D4E68A00B44A55 /* Base */ = {isa = PBXFileReference; lastKnownFileType = file.storyboard; name = Base; path = Base.lproj/LaunchScreen.storyboard; sourceTree = "<group>"; };
		07EC194F26D4E68A00B44A55 /* Info.plist */ = {isa = PBXFileReference; lastKnownFileType = text.plist.xml; path = Info.plist; sourceTree = "<group>"; };
		095B1EE6E007554BBB28FA12 /* Pods-FlashCardTests.release.xcconfig */ = {isa = PBXFileReference; includeInIndex = 1; lastKnownFileType = text.xcconfig; name = "Pods-FlashCardTests.release.xcconfig"; path = "Target Support Files/Pods-FlashCardTests/Pods-FlashCardTests.release.xcconfig"; sourceTree = "<group>"; };
		28D0AEAEB0670C0189467E98 /* Pods_FlashCard.framework */ = {isa = PBXFileReference; explicitFileType = wrapper.framework; includeInIndex = 0; path = Pods_FlashCard.framework; sourceTree = BUILT_PRODUCTS_DIR; };
		4656956618F935351908FFBD /* Pods_FlashCardTests.framework */ = {isa = PBXFileReference; explicitFileType = wrapper.framework; includeInIndex = 0; path = Pods_FlashCardTests.framework; sourceTree = BUILT_PRODUCTS_DIR; };
		4D6D5509E3F916A4040738D5 /* Pods-FlashCard.release.xcconfig */ = {isa = PBXFileReference; includeInIndex = 1; lastKnownFileType = text.xcconfig; name = "Pods-FlashCard.release.xcconfig"; path = "Target Support Files/Pods-FlashCard/Pods-FlashCard.release.xcconfig"; sourceTree = "<group>"; };
		6CDDF3A8C1E861D231E30AA2 /* Pods-FlashCardTests.debug.xcconfig */ = {isa = PBXFileReference; includeInIndex = 1; lastKnownFileType = text.xcconfig; name = "Pods-FlashCardTests.debug.xcconfig"; path = "Target Support Files/Pods-FlashCardTests/Pods-FlashCardTests.debug.xcconfig"; sourceTree = "<group>"; };
		A7A2BA373CC432B5E87413C1 /* Pods-FlashCard.debug.xcconfig */ = {isa = PBXFileReference; includeInIndex = 1; lastKnownFileType = text.xcconfig; name = "Pods-FlashCard.debug.xcconfig"; path = "Target Support Files/Pods-FlashCard/Pods-FlashCard.debug.xcconfig"; sourceTree = "<group>"; };
/* End PBXFileReference section */

/* Begin PBXFrameworksBuildPhase section */
		071ABCA92733797E006F11B5 /* Frameworks */ = {
			isa = PBXFrameworksBuildPhase;
			buildActionMask = 2147483647;
			files = (
				45A80AEB549922CC036A2C92 /* Pods_FlashCardTests.framework in Frameworks */,
			);
			runOnlyForDeploymentPostprocessing = 0;
		};
		07EC193B26D4E68800B44A55 /* Frameworks */ = {
			isa = PBXFrameworksBuildPhase;
			buildActionMask = 2147483647;
			files = (
				EC9182A9189FDB8A567C963D /* Pods_FlashCard.framework in Frameworks */,
			);
			runOnlyForDeploymentPostprocessing = 0;
		};
/* End PBXFrameworksBuildPhase section */

/* Begin PBXGroup section */
		071ABCA027311CB1006F11B5 /* Model */ = {
			isa = PBXGroup;
			children = (
				07B1C28726E8850100C21DA5 /* Chiho.swift */,
				07B1C2A126F0511200C21DA5 /* Ranking.swift */,
				071ABCA327322B71006F11B5 /* TodofukenList.swift */,
			);
			path = Model;
			sourceTree = "<group>";
		};
		071ABCA127311D5F006F11B5 /* Views */ = {
			isa = PBXGroup;
			children = (
				07EC194726D4E68800B44A55 /* Main.storyboard */,
				07B264DC28408F8E008243D1 /* CustomCell.swift */,
				07B264DD28408F8E008243D1 /* CustomCell.xib */,
				07EC194C26D4E68A00B44A55 /* LaunchScreen.storyboard */,
				07B1C29E26EDB65300C21DA5 /* ScoreCell.xib */,
				07B1C29D26EDB65300C21DA5 /* ScoreCell.swift */,
			);
			path = Views;
			sourceTree = "<group>";
		};
		071ABCA227311D69006F11B5 /* Controller */ = {
			isa = PBXGroup;
			children = (
				07EC194526D4E68800B44A55 /* ViewController.swift */,
				07B1C29326ECDFA000C21DA5 /* LoginViewController.swift */,
				07B1C2A526F2312400C21DA5 /* TabBarViewController.swift */,
				07B1C28526E729F200C21DA5 /* HomeViewController.swift */,
				07B1C29726EDAB0F00C21DA5 /* ScoreViewController.swift */,
				07B1C2A326F1AC7100C21DA5 /* MoreScoreViewController.swift */,
			);
			path = Controller;
			sourceTree = "<group>";
		};
		071ABCAD2733797F006F11B5 /* FlashCardTests */ = {
			isa = PBXGroup;
			children = (
				071ABCAE2733797F006F11B5 /* FlashCardTests.swift */,
				071ABCB02733797F006F11B5 /* Info.plist */,
			);
			path = FlashCardTests;
			sourceTree = "<group>";
		};
		07C4A107280FD30700583654 /* Utils */ = {
			isa = PBXGroup;
			children = (
				071ABC9B27310011006F11B5 /* Keychain.swift */,
				071F709126F4D102006E9B5E /* FirebaseManager.swift */,
				071ABCA627325C86006F11B5 /* Calculator.swift */,
				07B1C27126DE080F00C21DA5 /* SoundFile.swift */,
				07C4A11228126B2500583654 /* Alert.swift */,
			);
			path = Utils;
			sourceTree = "<group>";
		};
		07EC193526D4E68800B44A55 = {
			isa = PBXGroup;
			children = (
				07EC194026D4E68800B44A55 /* FlashCard */,
				071ABCAD2733797F006F11B5 /* FlashCardTests */,
				07EC193F26D4E68800B44A55 /* Products */,
				F5339C13F10B0C4130F19AFB /* Pods */,
				9B9B03B0DE9C1836CA1BDF9E /* Frameworks */,
			);
			sourceTree = "<group>";
		};
		07EC193F26D4E68800B44A55 /* Products */ = {
			isa = PBXGroup;
			children = (
				07EC193E26D4E68800B44A55 /* FlashCard.app */,
				071ABCAC2733797E006F11B5 /* FlashCardTests.xctest */,
			);
			name = Products;
			sourceTree = "<group>";
		};
		07EC194026D4E68800B44A55 /* FlashCard */ = {
			isa = PBXGroup;
			children = (
				071ABCA027311CB1006F11B5 /* Model */,
				071ABCA127311D5F006F11B5 /* Views */,
				071ABCA227311D69006F11B5 /* Controller */,
				07C4A107280FD30700583654 /* Utils */,
				07EC194126D4E68800B44A55 /* AppDelegate.swift */,
				07EC194326D4E68800B44A55 /* SceneDelegate.swift */,
				07B1C27326DE08B900C21DA5 /* CorrectSound.mp3 */,
				07B1C27526DE08C500C21DA5 /* WrongSound.mp3 */,
				07EC194A26D4E68A00B44A55 /* Assets.xcassets */,
				07EC194F26D4E68A00B44A55 /* Info.plist */,
				07B1C28D26EC683500C21DA5 /* GoogleService-Info.plist */,
			);
			path = FlashCard;
			sourceTree = "<group>";
		};
		9B9B03B0DE9C1836CA1BDF9E /* Frameworks */ = {
			isa = PBXGroup;
			children = (
				28D0AEAEB0670C0189467E98 /* Pods_FlashCard.framework */,
				4656956618F935351908FFBD /* Pods_FlashCardTests.framework */,
			);
			name = Frameworks;
			sourceTree = "<group>";
		};
		F5339C13F10B0C4130F19AFB /* Pods */ = {
			isa = PBXGroup;
			children = (
				A7A2BA373CC432B5E87413C1 /* Pods-FlashCard.debug.xcconfig */,
				4D6D5509E3F916A4040738D5 /* Pods-FlashCard.release.xcconfig */,
				6CDDF3A8C1E861D231E30AA2 /* Pods-FlashCardTests.debug.xcconfig */,
				095B1EE6E007554BBB28FA12 /* Pods-FlashCardTests.release.xcconfig */,
			);
			path = Pods;
			sourceTree = "<group>";
		};
/* End PBXGroup section */

/* Begin PBXNativeTarget section */
		071ABCAB2733797E006F11B5 /* FlashCardTests */ = {
			isa = PBXNativeTarget;
			buildConfigurationList = 071ABCB52733797F006F11B5 /* Build configuration list for PBXNativeTarget "FlashCardTests" */;
			buildPhases = (
				F95EC692C2F77FC73DD6EC38 /* [CP] Check Pods Manifest.lock */,
				071ABCA82733797E006F11B5 /* Sources */,
				071ABCA92733797E006F11B5 /* Frameworks */,
				071ABCAA2733797E006F11B5 /* Resources */,
				EE5787381803C6B410B21A2B /* [CP] Embed Pods Frameworks */,
			);
			buildRules = (
			);
			dependencies = (
				071ABCB22733797F006F11B5 /* PBXTargetDependency */,
			);
			name = FlashCardTests;
			productName = FlashCardTests;
			productReference = 071ABCAC2733797E006F11B5 /* FlashCardTests.xctest */;
			productType = "com.apple.product-type.bundle.unit-test";
		};
		07EC193D26D4E68800B44A55 /* FlashCard */ = {
			isa = PBXNativeTarget;
			buildConfigurationList = 07EC195226D4E68A00B44A55 /* Build configuration list for PBXNativeTarget "FlashCard" */;
			buildPhases = (
				B161FD606BE1467CDE5FEDDD /* [CP] Check Pods Manifest.lock */,
				07EC193A26D4E68800B44A55 /* Sources */,
				07EC193B26D4E68800B44A55 /* Frameworks */,
				07EC193C26D4E68800B44A55 /* Resources */,
				57F26C70A814C5B236050ACE /* [CP] Embed Pods Frameworks */,
			);
			buildRules = (
			);
			dependencies = (
			);
			name = FlashCard;
			productName = FlashCard;
			productReference = 07EC193E26D4E68800B44A55 /* FlashCard.app */;
			productType = "com.apple.product-type.application";
		};
/* End PBXNativeTarget section */

/* Begin PBXProject section */
		07EC193626D4E68800B44A55 /* Project object */ = {
			isa = PBXProject;
			attributes = {
				LastSwiftUpdateCheck = 1250;
				LastUpgradeCheck = 1250;
				TargetAttributes = {
					071ABCAB2733797E006F11B5 = {
						CreatedOnToolsVersion = 12.5;
						TestTargetID = 07EC193D26D4E68800B44A55;
					};
					07EC193D26D4E68800B44A55 = {
						CreatedOnToolsVersion = 12.5;
					};
				};
			};
			buildConfigurationList = 07EC193926D4E68800B44A55 /* Build configuration list for PBXProject "FlashCard" */;
			compatibilityVersion = "Xcode 9.3";
			developmentRegion = en;
			hasScannedForEncodings = 0;
			knownRegions = (
				en,
				Base,
			);
			mainGroup = 07EC193526D4E68800B44A55;
			productRefGroup = 07EC193F26D4E68800B44A55 /* Products */;
			projectDirPath = "";
			projectRoot = "";
			targets = (
				07EC193D26D4E68800B44A55 /* FlashCard */,
				071ABCAB2733797E006F11B5 /* FlashCardTests */,
			);
		};
/* End PBXProject section */

/* Begin PBXResourcesBuildPhase section */
		071ABCAA2733797E006F11B5 /* Resources */ = {
			isa = PBXResourcesBuildPhase;
			buildActionMask = 2147483647;
			files = (
			);
			runOnlyForDeploymentPostprocessing = 0;
		};
		07EC193C26D4E68800B44A55 /* Resources */ = {
			isa = PBXResourcesBuildPhase;
			buildActionMask = 2147483647;
			files = (
				07B1C27426DE08B900C21DA5 /* CorrectSound.mp3 in Resources */,
				07EC194E26D4E68A00B44A55 /* LaunchScreen.storyboard in Resources */,
				07B264DF28408F8E008243D1 /* CustomCell.xib in Resources */,
				07B1C2A026EDB65300C21DA5 /* ScoreCell.xib in Resources */,
				07EC194B26D4E68A00B44A55 /* Assets.xcassets in Resources */,
				07EC194926D4E68800B44A55 /* Main.storyboard in Resources */,
				07B1C28E26EC683500C21DA5 /* GoogleService-Info.plist in Resources */,
				07B1C27626DE08C500C21DA5 /* WrongSound.mp3 in Resources */,
			);
			runOnlyForDeploymentPostprocessing = 0;
		};
/* End PBXResourcesBuildPhase section */

/* Begin PBXShellScriptBuildPhase section */
		57F26C70A814C5B236050ACE /* [CP] Embed Pods Frameworks */ = {
			isa = PBXShellScriptBuildPhase;
			buildActionMask = 2147483647;
			files = (
			);
			inputFileListPaths = (
				"${PODS_ROOT}/Target Support Files/Pods-FlashCard/Pods-FlashCard-frameworks-${CONFIGURATION}-input-files.xcfilelist",
			);
			name = "[CP] Embed Pods Frameworks";
			outputFileListPaths = (
				"${PODS_ROOT}/Target Support Files/Pods-FlashCard/Pods-FlashCard-frameworks-${CONFIGURATION}-output-files.xcfilelist",
			);
			runOnlyForDeploymentPostprocessing = 0;
			shellPath = /bin/sh;
			shellScript = "\"${PODS_ROOT}/Target Support Files/Pods-FlashCard/Pods-FlashCard-frameworks.sh\"\n";
			showEnvVarsInLog = 0;
		};
		B161FD606BE1467CDE5FEDDD /* [CP] Check Pods Manifest.lock */ = {
			isa = PBXShellScriptBuildPhase;
			buildActionMask = 2147483647;
			files = (
			);
			inputFileListPaths = (
			);
			inputPaths = (
				"${PODS_PODFILE_DIR_PATH}/Podfile.lock",
				"${PODS_ROOT}/Manifest.lock",
			);
			name = "[CP] Check Pods Manifest.lock";
			outputFileListPaths = (
			);
			outputPaths = (
				"$(DERIVED_FILE_DIR)/Pods-FlashCard-checkManifestLockResult.txt",
			);
			runOnlyForDeploymentPostprocessing = 0;
			shellPath = /bin/sh;
			shellScript = "diff \"${PODS_PODFILE_DIR_PATH}/Podfile.lock\" \"${PODS_ROOT}/Manifest.lock\" > /dev/null\nif [ $? != 0 ] ; then\n    # print error to STDERR\n    echo \"error: The sandbox is not in sync with the Podfile.lock. Run 'pod install' or update your CocoaPods installation.\" >&2\n    exit 1\nfi\n# This output is used by Xcode 'outputs' to avoid re-running this script phase.\necho \"SUCCESS\" > \"${SCRIPT_OUTPUT_FILE_0}\"\n";
			showEnvVarsInLog = 0;
		};
		EE5787381803C6B410B21A2B /* [CP] Embed Pods Frameworks */ = {
			isa = PBXShellScriptBuildPhase;
			buildActionMask = 2147483647;
			files = (
			);
			inputFileListPaths = (
				"${PODS_ROOT}/Target Support Files/Pods-FlashCardTests/Pods-FlashCardTests-frameworks-${CONFIGURATION}-input-files.xcfilelist",
			);
			name = "[CP] Embed Pods Frameworks";
			outputFileListPaths = (
				"${PODS_ROOT}/Target Support Files/Pods-FlashCardTests/Pods-FlashCardTests-frameworks-${CONFIGURATION}-output-files.xcfilelist",
			);
			runOnlyForDeploymentPostprocessing = 0;
			shellPath = /bin/sh;
			shellScript = "\"${PODS_ROOT}/Target Support Files/Pods-FlashCardTests/Pods-FlashCardTests-frameworks.sh\"\n";
			showEnvVarsInLog = 0;
		};
		F95EC692C2F77FC73DD6EC38 /* [CP] Check Pods Manifest.lock */ = {
			isa = PBXShellScriptBuildPhase;
			buildActionMask = 2147483647;
			files = (
			);
			inputFileListPaths = (
			);
			inputPaths = (
				"${PODS_PODFILE_DIR_PATH}/Podfile.lock",
				"${PODS_ROOT}/Manifest.lock",
			);
			name = "[CP] Check Pods Manifest.lock";
			outputFileListPaths = (
			);
			outputPaths = (
				"$(DERIVED_FILE_DIR)/Pods-FlashCardTests-checkManifestLockResult.txt",
			);
			runOnlyForDeploymentPostprocessing = 0;
			shellPath = /bin/sh;
			shellScript = "diff \"${PODS_PODFILE_DIR_PATH}/Podfile.lock\" \"${PODS_ROOT}/Manifest.lock\" > /dev/null\nif [ $? != 0 ] ; then\n    # print error to STDERR\n    echo \"error: The sandbox is not in sync with the Podfile.lock. Run 'pod install' or update your CocoaPods installation.\" >&2\n    exit 1\nfi\n# This output is used by Xcode 'outputs' to avoid re-running this script phase.\necho \"SUCCESS\" > \"${SCRIPT_OUTPUT_FILE_0}\"\n";
			showEnvVarsInLog = 0;
		};
/* End PBXShellScriptBuildPhase section */

/* Begin PBXSourcesBuildPhase section */
		071ABCA82733797E006F11B5 /* Sources */ = {
			isa = PBXSourcesBuildPhase;
			buildActionMask = 2147483647;
			files = (
				071ABCAF2733797F006F11B5 /* FlashCardTests.swift in Sources */,
			);
			runOnlyForDeploymentPostprocessing = 0;
		};
		07EC193A26D4E68800B44A55 /* Sources */ = {
			isa = PBXSourcesBuildPhase;
			buildActionMask = 2147483647;
			files = (
				07C4A11328126B2500583654 /* Alert.swift in Sources */,
				07EC194626D4E68800B44A55 /* ViewController.swift in Sources */,
				07B1C29826EDAB0F00C21DA5 /* ScoreViewController.swift in Sources */,
				07B1C2A226F0511200C21DA5 /* Ranking.swift in Sources */,
				07B264DE28408F8E008243D1 /* CustomCell.swift in Sources */,
				07B1C27226DE080F00C21DA5 /* SoundFile.swift in Sources */,
				071F709226F4D102006E9B5E /* FirebaseManager.swift in Sources */,
				07B1C29F26EDB65300C21DA5 /* ScoreCell.swift in Sources */,
				07B1C2A426F1AC7100C21DA5 /* MoreScoreViewController.swift in Sources */,
				07B1C28626E729F200C21DA5 /* HomeViewController.swift in Sources */,
				07B1C2A626F2312400C21DA5 /* TabBarViewController.swift in Sources */,
				071ABC9C27310011006F11B5 /* Keychain.swift in Sources */,
				071ABCA427322B71006F11B5 /* TodofukenList.swift in Sources */,
				07EC194226D4E68800B44A55 /* AppDelegate.swift in Sources */,
				07B1C28826E8850100C21DA5 /* Chiho.swift in Sources */,
				07EC194426D4E68800B44A55 /* SceneDelegate.swift in Sources */,
				071ABCA727325C86006F11B5 /* Calculator.swift in Sources */,
				07B1C29426ECDFA000C21DA5 /* LoginViewController.swift in Sources */,
			);
			runOnlyForDeploymentPostprocessing = 0;
		};
/* End PBXSourcesBuildPhase section */

/* Begin PBXTargetDependency section */
		071ABCB22733797F006F11B5 /* PBXTargetDependency */ = {
			isa = PBXTargetDependency;
			target = 07EC193D26D4E68800B44A55 /* FlashCard */;
			targetProxy = 071ABCB12733797F006F11B5 /* PBXContainerItemProxy */;
		};
/* End PBXTargetDependency section */

/* Begin PBXVariantGroup section */
		07EC194726D4E68800B44A55 /* Main.storyboard */ = {
			isa = PBXVariantGroup;
			children = (
				07EC194826D4E68800B44A55 /* Base */,
			);
			name = Main.storyboard;
			sourceTree = "<group>";
		};
		07EC194C26D4E68A00B44A55 /* LaunchScreen.storyboard */ = {
			isa = PBXVariantGroup;
			children = (
				07EC194D26D4E68A00B44A55 /* Base */,
			);
			name = LaunchScreen.storyboard;
			sourceTree = "<group>";
		};
/* End PBXVariantGroup section */

/* Begin XCBuildConfiguration section */
		071ABCB32733797F006F11B5 /* Debug */ = {
			isa = XCBuildConfiguration;
			baseConfigurationReference = 6CDDF3A8C1E861D231E30AA2 /* Pods-FlashCardTests.debug.xcconfig */;
			buildSettings = {
				BUNDLE_LOADER = "$(TEST_HOST)";
				CODE_SIGN_STYLE = Automatic;
				DEVELOPMENT_TEAM = T6RT73J9GG;
				INFOPLIST_FILE = FlashCardTests/Info.plist;
				LD_RUNPATH_SEARCH_PATHS = (
					"$(inherited)",
					"@executable_path/Frameworks",
					"@loader_path/Frameworks",
				);
				PRODUCT_BUNDLE_IDENTIFIER = com.MasakatsuTagishi.FlashCardTests;
				PRODUCT_NAME = "$(TARGET_NAME)";
				SWIFT_VERSION = 5.0;
				TARGETED_DEVICE_FAMILY = "1,2";
				TEST_HOST = "$(BUILT_PRODUCTS_DIR)/FlashCard.app/FlashCard";
			};
			name = Debug;
		};
		071ABCB42733797F006F11B5 /* Release */ = {
			isa = XCBuildConfiguration;
			baseConfigurationReference = 095B1EE6E007554BBB28FA12 /* Pods-FlashCardTests.release.xcconfig */;
			buildSettings = {
				BUNDLE_LOADER = "$(TEST_HOST)";
				CODE_SIGN_STYLE = Automatic;
				DEVELOPMENT_TEAM = T6RT73J9GG;
				INFOPLIST_FILE = FlashCardTests/Info.plist;
				LD_RUNPATH_SEARCH_PATHS = (
					"$(inherited)",
					"@executable_path/Frameworks",
					"@loader_path/Frameworks",
				);
				PRODUCT_BUNDLE_IDENTIFIER = com.MasakatsuTagishi.FlashCardTests;
				PRODUCT_NAME = "$(TARGET_NAME)";
				SWIFT_VERSION = 5.0;
				TARGETED_DEVICE_FAMILY = "1,2";
				TEST_HOST = "$(BUILT_PRODUCTS_DIR)/FlashCard.app/FlashCard";
			};
			name = Release;
		};
		07EC195026D4E68A00B44A55 /* Debug */ = {
			isa = XCBuildConfiguration;
			buildSettings = {
				ALWAYS_SEARCH_USER_PATHS = NO;
				CLANG_ANALYZER_NONNULL = YES;
				CLANG_ANALYZER_NUMBER_OBJECT_CONVERSION = YES_AGGRESSIVE;
				CLANG_CXX_LANGUAGE_STANDARD = "gnu++14";
				CLANG_CXX_LIBRARY = "libc++";
				CLANG_ENABLE_MODULES = YES;
				CLANG_ENABLE_OBJC_ARC = YES;
				CLANG_ENABLE_OBJC_WEAK = YES;
				CLANG_WARN_BLOCK_CAPTURE_AUTORELEASING = YES;
				CLANG_WARN_BOOL_CONVERSION = YES;
				CLANG_WARN_COMMA = YES;
				CLANG_WARN_CONSTANT_CONVERSION = YES;
				CLANG_WARN_DEPRECATED_OBJC_IMPLEMENTATIONS = YES;
				CLANG_WARN_DIRECT_OBJC_ISA_USAGE = YES_ERROR;
				CLANG_WARN_DOCUMENTATION_COMMENTS = YES;
				CLANG_WARN_EMPTY_BODY = YES;
				CLANG_WARN_ENUM_CONVERSION = YES;
				CLANG_WARN_INFINITE_RECURSION = YES;
				CLANG_WARN_INT_CONVERSION = YES;
				CLANG_WARN_NON_LITERAL_NULL_CONVERSION = YES;
				CLANG_WARN_OBJC_IMPLICIT_RETAIN_SELF = YES;
				CLANG_WARN_OBJC_LITERAL_CONVERSION = YES;
				CLANG_WARN_OBJC_ROOT_CLASS = YES_ERROR;
				CLANG_WARN_QUOTED_INCLUDE_IN_FRAMEWORK_HEADER = YES;
				CLANG_WARN_RANGE_LOOP_ANALYSIS = YES;
				CLANG_WARN_STRICT_PROTOTYPES = YES;
				CLANG_WARN_SUSPICIOUS_MOVE = YES;
				CLANG_WARN_UNGUARDED_AVAILABILITY = YES_AGGRESSIVE;
				CLANG_WARN_UNREACHABLE_CODE = YES;
				CLANG_WARN__DUPLICATE_METHOD_MATCH = YES;
				COPY_PHASE_STRIP = NO;
				DEBUG_INFORMATION_FORMAT = dwarf;
				ENABLE_STRICT_OBJC_MSGSEND = YES;
				ENABLE_TESTABILITY = YES;
				GCC_C_LANGUAGE_STANDARD = gnu11;
				GCC_DYNAMIC_NO_PIC = NO;
				GCC_NO_COMMON_BLOCKS = YES;
				GCC_OPTIMIZATION_LEVEL = 0;
				GCC_PREPROCESSOR_DEFINITIONS = (
					"DEBUG=1",
					"$(inherited)",
				);
				GCC_WARN_64_TO_32_BIT_CONVERSION = YES;
				GCC_WARN_ABOUT_RETURN_TYPE = YES_ERROR;
				GCC_WARN_UNDECLARED_SELECTOR = YES;
				GCC_WARN_UNINITIALIZED_AUTOS = YES_AGGRESSIVE;
				GCC_WARN_UNUSED_FUNCTION = YES;
				GCC_WARN_UNUSED_VARIABLE = YES;
				IPHONEOS_DEPLOYMENT_TARGET = 14.5;
				MTL_ENABLE_DEBUG_INFO = INCLUDE_SOURCE;
				MTL_FAST_MATH = YES;
				ONLY_ACTIVE_ARCH = YES;
				SDKROOT = iphoneos;
				SWIFT_ACTIVE_COMPILATION_CONDITIONS = DEBUG;
				SWIFT_OPTIMIZATION_LEVEL = "-Onone";
			};
			name = Debug;
		};
		07EC195126D4E68A00B44A55 /* Release */ = {
			isa = XCBuildConfiguration;
			buildSettings = {
				ALWAYS_SEARCH_USER_PATHS = NO;
				CLANG_ANALYZER_NONNULL = YES;
				CLANG_ANALYZER_NUMBER_OBJECT_CONVERSION = YES_AGGRESSIVE;
				CLANG_CXX_LANGUAGE_STANDARD = "gnu++14";
				CLANG_CXX_LIBRARY = "libc++";
				CLANG_ENABLE_MODULES = YES;
				CLANG_ENABLE_OBJC_ARC = YES;
				CLANG_ENABLE_OBJC_WEAK = YES;
				CLANG_WARN_BLOCK_CAPTURE_AUTORELEASING = YES;
				CLANG_WARN_BOOL_CONVERSION = YES;
				CLANG_WARN_COMMA = YES;
				CLANG_WARN_CONSTANT_CONVERSION = YES;
				CLANG_WARN_DEPRECATED_OBJC_IMPLEMENTATIONS = YES;
				CLANG_WARN_DIRECT_OBJC_ISA_USAGE = YES_ERROR;
				CLANG_WARN_DOCUMENTATION_COMMENTS = YES;
				CLANG_WARN_EMPTY_BODY = YES;
				CLANG_WARN_ENUM_CONVERSION = YES;
				CLANG_WARN_INFINITE_RECURSION = YES;
				CLANG_WARN_INT_CONVERSION = YES;
				CLANG_WARN_NON_LITERAL_NULL_CONVERSION = YES;
				CLANG_WARN_OBJC_IMPLICIT_RETAIN_SELF = YES;
				CLANG_WARN_OBJC_LITERAL_CONVERSION = YES;
				CLANG_WARN_OBJC_ROOT_CLASS = YES_ERROR;
				CLANG_WARN_QUOTED_INCLUDE_IN_FRAMEWORK_HEADER = YES;
				CLANG_WARN_RANGE_LOOP_ANALYSIS = YES;
				CLANG_WARN_STRICT_PROTOTYPES = YES;
				CLANG_WARN_SUSPICIOUS_MOVE = YES;
				CLANG_WARN_UNGUARDED_AVAILABILITY = YES_AGGRESSIVE;
				CLANG_WARN_UNREACHABLE_CODE = YES;
				CLANG_WARN__DUPLICATE_METHOD_MATCH = YES;
				COPY_PHASE_STRIP = NO;
				DEBUG_INFORMATION_FORMAT = "dwarf-with-dsym";
				ENABLE_NS_ASSERTIONS = NO;
				ENABLE_STRICT_OBJC_MSGSEND = YES;
				GCC_C_LANGUAGE_STANDARD = gnu11;
				GCC_NO_COMMON_BLOCKS = YES;
				GCC_WARN_64_TO_32_BIT_CONVERSION = YES;
				GCC_WARN_ABOUT_RETURN_TYPE = YES_ERROR;
				GCC_WARN_UNDECLARED_SELECTOR = YES;
				GCC_WARN_UNINITIALIZED_AUTOS = YES_AGGRESSIVE;
				GCC_WARN_UNUSED_FUNCTION = YES;
				GCC_WARN_UNUSED_VARIABLE = YES;
				IPHONEOS_DEPLOYMENT_TARGET = 14.5;
				MTL_ENABLE_DEBUG_INFO = NO;
				MTL_FAST_MATH = YES;
				SDKROOT = iphoneos;
				SWIFT_COMPILATION_MODE = wholemodule;
				SWIFT_OPTIMIZATION_LEVEL = "-O";
				VALIDATE_PRODUCT = YES;
			};
			name = Release;
		};
		07EC195326D4E68A00B44A55 /* Debug */ = {
			isa = XCBuildConfiguration;
			baseConfigurationReference = A7A2BA373CC432B5E87413C1 /* Pods-FlashCard.debug.xcconfig */;
			buildSettings = {
				ASSETCATALOG_COMPILER_APPICON_NAME = AppIcon;
				ASSETCATALOG_COMPILER_GLOBAL_ACCENT_COLOR_NAME = AccentColor;
				CODE_SIGN_STYLE = Automatic;
				DEVELOPMENT_TEAM = T6RT73J9GG;
				INFOPLIST_FILE = FlashCard/Info.plist;
				LD_RUNPATH_SEARCH_PATHS = (
					"$(inherited)",
					"@executable_path/Frameworks",
				);
				PRODUCT_BUNDLE_IDENTIFIER = com.MasakatsuTagishi.FlashCard;
				PRODUCT_NAME = "$(TARGET_NAME)";
				SWIFT_VERSION = 5.0;
				TARGETED_DEVICE_FAMILY = "1,2";
			};
			name = Debug;
		};
		07EC195426D4E68A00B44A55 /* Release */ = {
			isa = XCBuildConfiguration;
			baseConfigurationReference = 4D6D5509E3F916A4040738D5 /* Pods-FlashCard.release.xcconfig */;
			buildSettings = {
				ASSETCATALOG_COMPILER_APPICON_NAME = AppIcon;
				ASSETCATALOG_COMPILER_GLOBAL_ACCENT_COLOR_NAME = AccentColor;
				CODE_SIGN_STYLE = Automatic;
				DEVELOPMENT_TEAM = T6RT73J9GG;
				INFOPLIST_FILE = FlashCard/Info.plist;
				LD_RUNPATH_SEARCH_PATHS = (
					"$(inherited)",
					"@executable_path/Frameworks",
				);
				PRODUCT_BUNDLE_IDENTIFIER = com.MasakatsuTagishi.FlashCard;
				PRODUCT_NAME = "$(TARGET_NAME)";
				SWIFT_VERSION = 5.0;
				TARGETED_DEVICE_FAMILY = "1,2";
			};
			name = Release;
		};
/* End XCBuildConfiguration section */

/* Begin XCConfigurationList section */
		071ABCB52733797F006F11B5 /* Build configuration list for PBXNativeTarget "FlashCardTests" */ = {
			isa = XCConfigurationList;
			buildConfigurations = (
				071ABCB32733797F006F11B5 /* Debug */,
				071ABCB42733797F006F11B5 /* Release */,
			);
			defaultConfigurationIsVisible = 0;
			defaultConfigurationName = Release;
		};
		07EC193926D4E68800B44A55 /* Build configuration list for PBXProject "FlashCard" */ = {
			isa = XCConfigurationList;
			buildConfigurations = (
				07EC195026D4E68A00B44A55 /* Debug */,
				07EC195126D4E68A00B44A55 /* Release */,
			);
			defaultConfigurationIsVisible = 0;
			defaultConfigurationName = Release;
		};
		07EC195226D4E68A00B44A55 /* Build configuration list for PBXNativeTarget "FlashCard" */ = {
			isa = XCConfigurationList;
			buildConfigurations = (
				07EC195326D4E68A00B44A55 /* Debug */,
				07EC195426D4E68A00B44A55 /* Release */,
			);
			defaultConfigurationIsVisible = 0;
			defaultConfigurationName = Release;
		};
/* End XCConfigurationList section */
	};
	rootObject = 07EC193626D4E68800B44A55 /* Project object */;
}
